
Microsoft Visual Studio Solution File, Format Version 12.00
Project("{FAE04EC0-301F-11D3-BF4B-00C04F79EFBC}") = "Diploma.Parser", "Diploma.Parser\Diploma.Parser.csproj", "{505E1BE3-1A06-4517-9601-673303DE768C}"
EndProject
Project("{FAE04EC0-301F-11D3-BF4B-00C04F79EFBC}") = "Diploma.CuponManagment", "Diploma.CuponManagment\Diploma.CuponManagment.csproj", "{702A2D34-5613-4851-B878-DAE375848730}"
EndProject
Project("{FAE04EC0-301F-11D3-BF4B-00C04F79EFBC}") = "Diploma.DAL", "Diploma.DAL\Diploma.DAL.csproj", "{DB1B027A-5528-4FFE-9948-EAD9D8C39407}"
EndProject
Project("{FAE04EC0-301F-11D3-BF4B-00C04F79EFBC}") = "Diploma.Utility", "Diploma.Utility\Diploma.Utility.csproj", "{9D5D3B49-C804-4860-899A-941F5CC126A6}"
EndProject
Project("{FAE04EC0-301F-11D3-BF4B-00C04F79EFBC}") = "Diploma.Notification", " Diploma.Notification\Diploma.Notification.csproj", "{38CABCAA-A38D-4DE1-8C7A-0550E5C15947}"
EndProject
Project("{FAE04EC0-301F-11D3-BF4B-00C04F79EFBC}") = "Diploma.Auth", "Diploma.Auth\Diploma.Auth.csproj", "{3A777051-E7B7-4C12-846A-FD4DC479B1C1}"
EndProject
Project("{FAE04EC0-301F-11D3-BF4B-00C04F79EFBC}") = "Diploma.Auth.DAL", "Diploma.Auth.DAL\Diploma.Auth.DAL.csproj", "{C3CDE5B9-BA71-4F48-8410-89429BFABF89}"
EndProject
Project("{FAE04EC0-301F-11D3-BF4B-00C04F79EFBC}") = "Diploma.Analytic", "Diploma.Analytic\Diploma.Analytic.csproj", "{8626B6AC-9EB6-49D5-A6AC-5C6247442AAD}"
EndProject
Project("{FAE04EC0-301F-11D3-BF4B-00C04F79EFBC}") = "Diploma.Analytic.DAL", "Diploma.Analytic.DAL\Diploma.Analytic.DAL.csproj", "{465115D5-B37E-414E-9E01-A239203137B0}"
EndProject
Global
	GlobalSection(SolutionConfigurationPlatforms) = preSolution
		Debug|Any CPU = Debug|Any CPU
		Release|Any CPU = Release|Any CPU
	EndGlobalSection
	GlobalSection(ProjectConfigurationPlatforms) = postSolution
		{505E1BE3-1A06-4517-9601-673303DE768C}.Debug|Any CPU.ActiveCfg = Debug|Any CPU
		{505E1BE3-1A06-4517-9601-673303DE768C}.Debug|Any CPU.Build.0 = Debug|Any CPU
		{505E1BE3-1A06-4517-9601-673303DE768C}.Release|Any CPU.ActiveCfg = Release|Any CPU
		{505E1BE3-1A06-4517-9601-673303DE768C}.Release|Any CPU.Build.0 = Release|Any CPU
		{702A2D34-5613-4851-B878-DAE375848730}.Debug|Any CPU.ActiveCfg = Debug|Any CPU
		{702A2D34-5613-4851-B878-DAE375848730}.Debug|Any CPU.Build.0 = Debug|Any CPU
		{702A2D34-5613-4851-B878-DAE375848730}.Release|Any CPU.ActiveCfg = Release|Any CPU
		{702A2D34-5613-4851-B878-DAE375848730}.Release|Any CPU.Build.0 = Release|Any CPU
		{DB1B027A-5528-4FFE-9948-EAD9D8C39407}.Debug|Any CPU.ActiveCfg = Debug|Any CPU
		{DB1B027A-5528-4FFE-9948-EAD9D8C39407}.Debug|Any CPU.Build.0 = Debug|Any CPU
		{DB1B027A-5528-4FFE-9948-EAD9D8C39407}.Release|Any CPU.ActiveCfg = Release|Any CPU
		{DB1B027A-5528-4FFE-9948-EAD9D8C39407}.Release|Any CPU.Build.0 = Release|Any CPU
		{9D5D3B49-C804-4860-899A-941F5CC126A6}.Debug|Any CPU.ActiveCfg = Debug|Any CPU
		{9D5D3B49-C804-4860-899A-941F5CC126A6}.Debug|Any CPU.Build.0 = Debug|Any CPU
		{9D5D3B49-C804-4860-899A-941F5CC126A6}.Release|Any CPU.ActiveCfg = Release|Any CPU
		{9D5D3B49-C804-4860-899A-941F5CC126A6}.Release|Any CPU.Build.0 = Release|Any CPU
		{38CABCAA-A38D-4DE1-8C7A-0550E5C15947}.Debug|Any CPU.ActiveCfg = Debug|Any CPU
		{38CABCAA-A38D-4DE1-8C7A-0550E5C15947}.Debug|Any CPU.Build.0 = Debug|Any CPU
		{38CABCAA-A38D-4DE1-8C7A-0550E5C15947}.Release|Any CPU.ActiveCfg = Release|Any CPU
		{38CABCAA-A38D-4DE1-8C7A-0550E5C15947}.Release|Any CPU.Build.0 = Release|Any CPU
		{3A777051-E7B7-4C12-846A-FD4DC479B1C1}.Debug|Any CPU.ActiveCfg = Debug|Any CPU
		{3A777051-E7B7-4C12-846A-FD4DC479B1C1}.Debug|Any CPU.Build.0 = Debug|Any CPU
		{3A777051-E7B7-4C12-846A-FD4DC479B1C1}.Release|Any CPU.ActiveCfg = Release|Any CPU
		{3A777051-E7B7-4C12-846A-FD4DC479B1C1}.Release|Any CPU.Build.0 = Release|Any CPU
		{C3CDE5B9-BA71-4F48-8410-89429BFABF89}.Debug|Any CPU.ActiveCfg = Debug|Any CPU
		{C3CDE5B9-BA71-4F48-8410-89429BFABF89}.Debug|Any CPU.Build.0 = Debug|Any CPU
		{C3CDE5B9-BA71-4F48-8410-89429BFABF89}.Release|Any CPU.ActiveCfg = Release|Any CPU
		{C3CDE5B9-BA71-4F48-8410-89429BFABF89}.Release|Any CPU.Build.0 = Release|Any CPU
		{8626B6AC-9EB6-49D5-A6AC-5C6247442AAD}.Debug|Any CPU.ActiveCfg = Debug|Any CPU
		{8626B6AC-9EB6-49D5-A6AC-5C6247442AAD}.Debug|Any CPU.Build.0 = Debug|Any CPU
		{8626B6AC-9EB6-49D5-A6AC-5C6247442AAD}.Release|Any CPU.ActiveCfg = Release|Any CPU
		{8626B6AC-9EB6-49D5-A6AC-5C6247442AAD}.Release|Any CPU.Build.0 = Release|Any CPU
		{465115D5-B37E-414E-9E01-A239203137B0}.Debug|Any CPU.ActiveCfg = Debug|Any CPU
		{465115D5-B37E-414E-9E01-A239203137B0}.Debug|Any CPU.Build.0 = Debug|Any CPU
		{465115D5-B37E-414E-9E01-A239203137B0}.Release|Any CPU.ActiveCfg = Release|Any CPU
		{465115D5-B37E-414E-9E01-A239203137B0}.Release|Any CPU.Build.0 = Release|Any CPU
	EndGlobalSection
EndGlobal
